
Microsoft Visual Studio Solution File, Format Version 12.00
# Visual Studio Version 17
VisualStudioVersion = 17.4.33213.308
MinimumVisualStudioVersion = 10.0.40219.1
Project("{FAE04EC0-301F-11D3-BF4B-00C04F79EFBC}") = "PW4.1", "PW4.1.csproj", "{945C6313-7487-432C-A064-05E75C2DD98F}"
EndProject
Global
	GlobalSection(SolutionConfigurationPlatforms) = preSolution
		Debug|Any CPU = Debug|Any CPU
		Release|Any CPU = Release|Any CPU
	EndGlobalSection
	GlobalSection(ProjectConfigurationPlatforms) = postSolution
		{945C6313-7487-432C-A064-05E75C2DD98F}.Debug|Any CPU.ActiveCfg = Debug|Any CPU
		{945C6313-7487-432C-A064-05E75C2DD98F}.Debug|Any CPU.Build.0 = Debug|Any CPU
		{945C6313-7487-432C-A064-05E75C2DD98F}.Release|Any CPU.ActiveCfg = Release|Any CPU
		{945C6313-7487-432C-A064-05E75C2DD98F}.Release|Any CPU.Build.0 = Release|Any CPU
	EndGlobalSection
	GlobalSection(SolutionProperties) = preSolution
		HideSolutionNode = FALSE
	EndGlobalSection
	GlobalSection(ExtensibilityGlobals) = postSolution
		SolutionGuid = {8B9FF1BC-8428-4B67-A0FB-5913CE0CC38F}
	EndGlobalSection
EndGlobal
